// !$*UTF8*$!
{
	archiveVersion = 1;
	classes = {
	};
	objectVersion = 56;
	objects = {

/* Begin PBXBuildFile section */
		6F1EBB592BC8C47300EFFD63 /* LogDApp.swift in Sources */ = {isa = PBXBuildFile; fileRef = 6F1EBB582BC8C47300EFFD63 /* LogDApp.swift */; };
		6F1EBB5D2BC8C47500EFFD63 /* Assets.xcassets in Resources */ = {isa = PBXBuildFile; fileRef = 6F1EBB5C2BC8C47500EFFD63 /* Assets.xcassets */; };
		6F1EBB612BC8C47500EFFD63 /* Preview Assets.xcassets in Resources */ = {isa = PBXBuildFile; fileRef = 6F1EBB602BC8C47500EFFD63 /* Preview Assets.xcassets */; };
		6F1EBB6A2BC8C51A00EFFD63 /* YearListView.swift in Sources */ = {isa = PBXBuildFile; fileRef = 6F1EBB692BC8C51A00EFFD63 /* YearListView.swift */; };
		6F1EBB6C2BC8C52A00EFFD63 /* MonthListView.swift in Sources */ = {isa = PBXBuildFile; fileRef = 6F1EBB6B2BC8C52A00EFFD63 /* MonthListView.swift */; };
		6F1EBB6E2BC8C54F00EFFD63 /* LogListView.swift in Sources */ = {isa = PBXBuildFile; fileRef = 6F1EBB6D2BC8C54F00EFFD63 /* LogListView.swift */; };
		6F1EBB702BC8C5B500EFFD63 /* Log.swift in Sources */ = {isa = PBXBuildFile; fileRef = 6F1EBB6F2BC8C5B500EFFD63 /* Log.swift */; };
		6F1EBB732BC8C79600EFFD63 /* Array+.swift in Sources */ = {isa = PBXBuildFile; fileRef = 6F1EBB722BC8C79600EFFD63 /* Array+.swift */; };
		6F1EBB752BC8CDB100EFFD63 /* RootView.swift in Sources */ = {isa = PBXBuildFile; fileRef = 6F1EBB742BC8CDB100EFFD63 /* RootView.swift */; };
		6F1EBB772BC8DAD800EFFD63 /* AddYearView.swift in Sources */ = {isa = PBXBuildFile; fileRef = 6F1EBB762BC8DAD800EFFD63 /* AddYearView.swift */; };
		6F1EBB792BC8DEAF00EFFD63 /* Year.swift in Sources */ = {isa = PBXBuildFile; fileRef = 6F1EBB782BC8DEAF00EFFD63 /* Year.swift */; };
		6F1EBB7B2BC8DF9600EFFD63 /* Month.swift in Sources */ = {isa = PBXBuildFile; fileRef = 6F1EBB7A2BC8DF9600EFFD63 /* Month.swift */; };
		6F1EBB812BC9801300EFFD63 /* ValidateType.swift in Sources */ = {isa = PBXBuildFile; fileRef = 6F1EBB802BC9801300EFFD63 /* ValidateType.swift */; };
		6F1EBB832BC9806B00EFFD63 /* AddMonthView.swift in Sources */ = {isa = PBXBuildFile; fileRef = 6F1EBB822BC9806B00EFFD63 /* AddMonthView.swift */; };
		6FC1FE0C2BCAA858003E674F /* LogView.swift in Sources */ = {isa = PBXBuildFile; fileRef = 6FC1FE0B2BCAA858003E674F /* LogView.swift */; };
		6FC1FE0E2BCCB129003E674F /* ImageListView.swift in Sources */ = {isa = PBXBuildFile; fileRef = 6FC1FE0D2BCCB129003E674F /* ImageListView.swift */; };
		6FC1FE102BCCC307003E674F /* LogFocusType.swift in Sources */ = {isa = PBXBuildFile; fileRef = 6FC1FE0F2BCCC307003E674F /* LogFocusType.swift */; };
		6FF5D02A2BCE151C00317CD2 /* Film.swift in Sources */ = {isa = PBXBuildFile; fileRef = 6FF5D0292BCE151C00317CD2 /* Film.swift */; };
		6FF5D02D2BCF649400317CD2 /* DiaryClassifier.mlmodel in Sources */ = {isa = PBXBuildFile; fileRef = 6FF5D02C2BCF649400317CD2 /* DiaryClassifier.mlmodel */; };
		6FF5D0302BCF650A00317CD2 /* DiaryClassifierUseCase.swift in Sources */ = {isa = PBXBuildFile; fileRef = 6FF5D02F2BCF650A00317CD2 /* DiaryClassifierUseCase.swift */; };
/* End PBXBuildFile section */

/* Begin PBXFileReference section */
		6F1EBB552BC8C47300EFFD63 /* LogD.app */ = {isa = PBXFileReference; explicitFileType = wrapper.application; includeInIndex = 0; path = LogD.app; sourceTree = BUILT_PRODUCTS_DIR; };
		6F1EBB582BC8C47300EFFD63 /* LogDApp.swift */ = {isa = PBXFileReference; lastKnownFileType = sourcecode.swift; path = LogDApp.swift; sourceTree = "<group>"; };
		6F1EBB5C2BC8C47500EFFD63 /* Assets.xcassets */ = {isa = PBXFileReference; lastKnownFileType = folder.assetcatalog; path = Assets.xcassets; sourceTree = "<group>"; };
		6F1EBB5E2BC8C47500EFFD63 /* LogD.entitlements */ = {isa = PBXFileReference; lastKnownFileType = text.plist.entitlements; path = LogD.entitlements; sourceTree = "<group>"; };
		6F1EBB602BC8C47500EFFD63 /* Preview Assets.xcassets */ = {isa = PBXFileReference; lastKnownFileType = folder.assetcatalog; path = "Preview Assets.xcassets"; sourceTree = "<group>"; };
		6F1EBB692BC8C51A00EFFD63 /* YearListView.swift */ = {isa = PBXFileReference; lastKnownFileType = sourcecode.swift; path = YearListView.swift; sourceTree = "<group>"; };
		6F1EBB6B2BC8C52A00EFFD63 /* MonthListView.swift */ = {isa = PBXFileReference; lastKnownFileType = sourcecode.swift; path = MonthListView.swift; sourceTree = "<group>"; };
		6F1EBB6D2BC8C54F00EFFD63 /* LogListView.swift */ = {isa = PBXFileReference; lastKnownFileType = sourcecode.swift; path = LogListView.swift; sourceTree = "<group>"; };
		6F1EBB6F2BC8C5B500EFFD63 /* Log.swift */ = {isa = PBXFileReference; lastKnownFileType = sourcecode.swift; path = Log.swift; sourceTree = "<group>"; };
		6F1EBB722BC8C79600EFFD63 /* Array+.swift */ = {isa = PBXFileReference; lastKnownFileType = sourcecode.swift; path = "Array+.swift"; sourceTree = "<group>"; };
		6F1EBB742BC8CDB100EFFD63 /* RootView.swift */ = {isa = PBXFileReference; lastKnownFileType = sourcecode.swift; path = RootView.swift; sourceTree = "<group>"; };
		6F1EBB762BC8DAD800EFFD63 /* AddYearView.swift */ = {isa = PBXFileReference; lastKnownFileType = sourcecode.swift; path = AddYearView.swift; sourceTree = "<group>"; };
		6F1EBB782BC8DEAF00EFFD63 /* Year.swift */ = {isa = PBXFileReference; lastKnownFileType = sourcecode.swift; path = Year.swift; sourceTree = "<group>"; };
		6F1EBB7A2BC8DF9600EFFD63 /* Month.swift */ = {isa = PBXFileReference; lastKnownFileType = sourcecode.swift; path = Month.swift; sourceTree = "<group>"; };
		6F1EBB802BC9801300EFFD63 /* ValidateType.swift */ = {isa = PBXFileReference; lastKnownFileType = sourcecode.swift; path = ValidateType.swift; sourceTree = "<group>"; };
		6F1EBB822BC9806B00EFFD63 /* AddMonthView.swift */ = {isa = PBXFileReference; lastKnownFileType = sourcecode.swift; path = AddMonthView.swift; sourceTree = "<group>"; };
		6FC1FE0B2BCAA858003E674F /* LogView.swift */ = {isa = PBXFileReference; lastKnownFileType = sourcecode.swift; path = LogView.swift; sourceTree = "<group>"; };
		6FC1FE0D2BCCB129003E674F /* ImageListView.swift */ = {isa = PBXFileReference; lastKnownFileType = sourcecode.swift; path = ImageListView.swift; sourceTree = "<group>"; };
		6FC1FE0F2BCCC307003E674F /* LogFocusType.swift */ = {isa = PBXFileReference; lastKnownFileType = sourcecode.swift; path = LogFocusType.swift; sourceTree = "<group>"; };
		6FF5CFFE2BCCCE7D00317CD2 /* Info.plist */ = {isa = PBXFileReference; lastKnownFileType = text.plist; path = Info.plist; sourceTree = "<group>"; };
		6FF5D0292BCE151C00317CD2 /* Film.swift */ = {isa = PBXFileReference; lastKnownFileType = sourcecode.swift; path = Film.swift; sourceTree = "<group>"; };
		6FF5D02C2BCF649400317CD2 /* DiaryClassifier.mlmodel */ = {isa = PBXFileReference; lastKnownFileType = file.mlmodel; path = DiaryClassifier.mlmodel; sourceTree = "<group>"; };
		6FF5D02F2BCF650A00317CD2 /* DiaryClassifierUseCase.swift */ = {isa = PBXFileReference; lastKnownFileType = sourcecode.swift; path = DiaryClassifierUseCase.swift; sourceTree = "<group>"; };
/* End PBXFileReference section */

/* Begin PBXFrameworksBuildPhase section */
		6F1EBB522BC8C47300EFFD63 /* Frameworks */ = {
			isa = PBXFrameworksBuildPhase;
			buildActionMask = 2147483647;
			files = (
			);
			runOnlyForDeploymentPostprocessing = 0;
		};
/* End PBXFrameworksBuildPhase section */

/* Begin PBXGroup section */
		6F1EBB4C2BC8C47300EFFD63 = {
			isa = PBXGroup;
			children = (
				6F1EBB572BC8C47300EFFD63 /* LogD */,
				6F1EBB562BC8C47300EFFD63 /* Products */,
			);
			sourceTree = "<group>";
		};
		6F1EBB562BC8C47300EFFD63 /* Products */ = {
			isa = PBXGroup;
			children = (
				6F1EBB552BC8C47300EFFD63 /* LogD.app */,
			);
			name = Products;
			sourceTree = "<group>";
		};
		6F1EBB572BC8C47300EFFD63 /* LogD */ = {
			isa = PBXGroup;
			children = (
				6FF5D02E2BCF64E100317CD2 /* UseCase */,
				6FF5D02B2BCF648400317CD2 /* MLModel */,
				6FF5CFFE2BCCCE7D00317CD2 /* Info.plist */,
				6F1EBB582BC8C47300EFFD63 /* LogDApp.swift */,
				6F1EBB682BC8C4F800EFFD63 /* Model */,
				6F1EBB672BC8C4ED00EFFD63 /* View */,
				6F1EBB712BC8C77400EFFD63 /* Util */,
				6F1EBB5C2BC8C47500EFFD63 /* Assets.xcassets */,
				6F1EBB5E2BC8C47500EFFD63 /* LogD.entitlements */,
				6F1EBB5F2BC8C47500EFFD63 /* Preview Content */,
			);
			path = LogD;
			sourceTree = "<group>";
		};
		6F1EBB5F2BC8C47500EFFD63 /* Preview Content */ = {
			isa = PBXGroup;
			children = (
				6F1EBB602BC8C47500EFFD63 /* Preview Assets.xcassets */,
			);
			path = "Preview Content";
			sourceTree = "<group>";
		};
		6F1EBB672BC8C4ED00EFFD63 /* View */ = {
			isa = PBXGroup;
			children = (
				6FF5D0222BCD4B3700317CD2 /* Style */,
				6FC1FE0A2BCAA848003E674F /* Component */,
				6F1EBB742BC8CDB100EFFD63 /* RootView.swift */,
				6F1EBB692BC8C51A00EFFD63 /* YearListView.swift */,
				6F1EBB762BC8DAD800EFFD63 /* AddYearView.swift */,
				6F1EBB6B2BC8C52A00EFFD63 /* MonthListView.swift */,
				6F1EBB822BC9806B00EFFD63 /* AddMonthView.swift */,
				6F1EBB6D2BC8C54F00EFFD63 /* LogListView.swift */,
			);
			path = View;
			sourceTree = "<group>";
		};
		6F1EBB682BC8C4F800EFFD63 /* Model */ = {
			isa = PBXGroup;
			children = (
				6F1EBB6F2BC8C5B500EFFD63 /* Log.swift */,
				6F1EBB782BC8DEAF00EFFD63 /* Year.swift */,
				6F1EBB7A2BC8DF9600EFFD63 /* Month.swift */,
				6F1EBB802BC9801300EFFD63 /* ValidateType.swift */,
				6FC1FE0F2BCCC307003E674F /* LogFocusType.swift */,
				6FF5D0292BCE151C00317CD2 /* Film.swift */,
			);
			path = Model;
			sourceTree = "<group>";
		};
		6F1EBB712BC8C77400EFFD63 /* Util */ = {
			isa = PBXGroup;
			children = (
				6F1EBB722BC8C79600EFFD63 /* Array+.swift */,
			);
			path = Util;
			sourceTree = "<group>";
		};
		6FC1FE0A2BCAA848003E674F /* Component */ = {
			isa = PBXGroup;
			children = (
				6FC1FE0B2BCAA858003E674F /* LogView.swift */,
				6FC1FE0D2BCCB129003E674F /* ImageListView.swift */,
			);
			path = Component;
			sourceTree = "<group>";
		};
		6FF5D0222BCD4B3700317CD2 /* Style */ = {
			isa = PBXGroup;
			children = (
			);
			path = Style;
			sourceTree = "<group>";
		};
		6FF5D02B2BCF648400317CD2 /* MLModel */ = {
			isa = PBXGroup;
			children = (
				6FF5D02C2BCF649400317CD2 /* DiaryClassifier.mlmodel */,
			);
			path = MLModel;
			sourceTree = "<group>";
		};
		6FF5D02E2BCF64E100317CD2 /* UseCase */ = {
			isa = PBXGroup;
			children = (
				6FF5D02F2BCF650A00317CD2 /* DiaryClassifierUseCase.swift */,
			);
			path = UseCase;
			sourceTree = "<group>";
		};
/* End PBXGroup section */

/* Begin PBXNativeTarget section */
		6F1EBB542BC8C47300EFFD63 /* LogD */ = {
			isa = PBXNativeTarget;
			buildConfigurationList = 6F1EBB642BC8C47500EFFD63 /* Build configuration list for PBXNativeTarget "LogD" */;
			buildPhases = (
				6F1EBB512BC8C47300EFFD63 /* Sources */,
				6F1EBB522BC8C47300EFFD63 /* Frameworks */,
				6F1EBB532BC8C47300EFFD63 /* Resources */,
			);
			buildRules = (
			);
			dependencies = (
			);
			name = LogD;
			productName = LogD;
			productReference = 6F1EBB552BC8C47300EFFD63 /* LogD.app */;
			productType = "com.apple.product-type.application";
		};
/* End PBXNativeTarget section */

/* Begin PBXProject section */
		6F1EBB4D2BC8C47300EFFD63 /* Project object */ = {
			isa = PBXProject;
			attributes = {
				BuildIndependentTargetsInParallel = 1;
				LastSwiftUpdateCheck = 1530;
				LastUpgradeCheck = 1530;
				TargetAttributes = {
					6F1EBB542BC8C47300EFFD63 = {
						CreatedOnToolsVersion = 15.3;
					};
				};
			};
			buildConfigurationList = 6F1EBB502BC8C47300EFFD63 /* Build configuration list for PBXProject "LogD" */;
			compatibilityVersion = "Xcode 14.0";
			developmentRegion = en;
			hasScannedForEncodings = 0;
			knownRegions = (
				en,
				Base,
			);
			mainGroup = 6F1EBB4C2BC8C47300EFFD63;
			productRefGroup = 6F1EBB562BC8C47300EFFD63 /* Products */;
			projectDirPath = "";
			projectRoot = "";
			targets = (
				6F1EBB542BC8C47300EFFD63 /* LogD */,
			);
		};
/* End PBXProject section */

/* Begin PBXResourcesBuildPhase section */
		6F1EBB532BC8C47300EFFD63 /* Resources */ = {
			isa = PBXResourcesBuildPhase;
			buildActionMask = 2147483647;
			files = (
				6F1EBB612BC8C47500EFFD63 /* Preview Assets.xcassets in Resources */,
				6F1EBB5D2BC8C47500EFFD63 /* Assets.xcassets in Resources */,
			);
			runOnlyForDeploymentPostprocessing = 0;
		};
/* End PBXResourcesBuildPhase section */

/* Begin PBXSourcesBuildPhase section */
		6F1EBB512BC8C47300EFFD63 /* Sources */ = {
			isa = PBXSourcesBuildPhase;
			buildActionMask = 2147483647;
			files = (
				6F1EBB6E2BC8C54F00EFFD63 /* LogListView.swift in Sources */,
				6F1EBB772BC8DAD800EFFD63 /* AddYearView.swift in Sources */,
				6F1EBB812BC9801300EFFD63 /* ValidateType.swift in Sources */,
				6F1EBB592BC8C47300EFFD63 /* LogDApp.swift in Sources */,
				6F1EBB702BC8C5B500EFFD63 /* Log.swift in Sources */,
				6F1EBB792BC8DEAF00EFFD63 /* Year.swift in Sources */,
				6FF5D0302BCF650A00317CD2 /* DiaryClassifierUseCase.swift in Sources */,
				6F1EBB6A2BC8C51A00EFFD63 /* YearListView.swift in Sources */,
				6FC1FE0C2BCAA858003E674F /* LogView.swift in Sources */,
				6FC1FE102BCCC307003E674F /* LogFocusType.swift in Sources */,
				6F1EBB832BC9806B00EFFD63 /* AddMonthView.swift in Sources */,
				6F1EBB752BC8CDB100EFFD63 /* RootView.swift in Sources */,
				6FC1FE0E2BCCB129003E674F /* ImageListView.swift in Sources */,
				6F1EBB732BC8C79600EFFD63 /* Array+.swift in Sources */,
				6FF5D02D2BCF649400317CD2 /* DiaryClassifier.mlmodel in Sources */,
				6FF5D02A2BCE151C00317CD2 /* Film.swift in Sources */,
				6F1EBB7B2BC8DF9600EFFD63 /* Month.swift in Sources */,
				6F1EBB6C2BC8C52A00EFFD63 /* MonthListView.swift in Sources */,
			);
			runOnlyForDeploymentPostprocessing = 0;
		};
/* End PBXSourcesBuildPhase section */

/* Begin XCBuildConfiguration section */
		6F1EBB622BC8C47500EFFD63 /* Debug */ = {
			isa = XCBuildConfiguration;
			buildSettings = {
				ALWAYS_SEARCH_USER_PATHS = NO;
				ASSETCATALOG_COMPILER_GENERATE_SWIFT_ASSET_SYMBOL_EXTENSIONS = YES;
				CLANG_ANALYZER_NONNULL = YES;
				CLANG_ANALYZER_NUMBER_OBJECT_CONVERSION = YES_AGGRESSIVE;
				CLANG_CXX_LANGUAGE_STANDARD = "gnu++20";
				CLANG_ENABLE_MODULES = YES;
				CLANG_ENABLE_OBJC_ARC = YES;
				CLANG_ENABLE_OBJC_WEAK = YES;
				CLANG_WARN_BLOCK_CAPTURE_AUTORELEASING = YES;
				CLANG_WARN_BOOL_CONVERSION = YES;
				CLANG_WARN_COMMA = YES;
				CLANG_WARN_CONSTANT_CONVERSION = YES;
				CLANG_WARN_DEPRECATED_OBJC_IMPLEMENTATIONS = YES;
				CLANG_WARN_DIRECT_OBJC_ISA_USAGE = YES_ERROR;
				CLANG_WARN_DOCUMENTATION_COMMENTS = YES;
				CLANG_WARN_EMPTY_BODY = YES;
				CLANG_WARN_ENUM_CONVERSION = YES;
				CLANG_WARN_INFINITE_RECURSION = YES;
				CLANG_WARN_INT_CONVERSION = YES;
				CLANG_WARN_NON_LITERAL_NULL_CONVERSION = YES;
				CLANG_WARN_OBJC_IMPLICIT_RETAIN_SELF = YES;
				CLANG_WARN_OBJC_LITERAL_CONVERSION = YES;
				CLANG_WARN_OBJC_ROOT_CLASS = YES_ERROR;
				CLANG_WARN_QUOTED_INCLUDE_IN_FRAMEWORK_HEADER = YES;
				CLANG_WARN_RANGE_LOOP_ANALYSIS = YES;
				CLANG_WARN_STRICT_PROTOTYPES = YES;
				CLANG_WARN_SUSPICIOUS_MOVE = YES;
				CLANG_WARN_UNGUARDED_AVAILABILITY = YES_AGGRESSIVE;
				CLANG_WARN_UNREACHABLE_CODE = YES;
				CLANG_WARN__DUPLICATE_METHOD_MATCH = YES;
				COPY_PHASE_STRIP = NO;
				DEBUG_INFORMATION_FORMAT = dwarf;
				ENABLE_STRICT_OBJC_MSGSEND = YES;
				ENABLE_TESTABILITY = YES;
				ENABLE_USER_SCRIPT_SANDBOXING = YES;
				GCC_C_LANGUAGE_STANDARD = gnu17;
				GCC_DYNAMIC_NO_PIC = NO;
				GCC_NO_COMMON_BLOCKS = YES;
				GCC_OPTIMIZATION_LEVEL = 0;
				GCC_PREPROCESSOR_DEFINITIONS = (
					"DEBUG=1",
					"$(inherited)",
				);
				GCC_WARN_64_TO_32_BIT_CONVERSION = YES;
				GCC_WARN_ABOUT_RETURN_TYPE = YES_ERROR;
				GCC_WARN_UNDECLARED_SELECTOR = YES;
				GCC_WARN_UNINITIALIZED_AUTOS = YES_AGGRESSIVE;
				GCC_WARN_UNUSED_FUNCTION = YES;
				GCC_WARN_UNUSED_VARIABLE = YES;
				LOCALIZATION_PREFERS_STRING_CATALOGS = YES;
				MTL_ENABLE_DEBUG_INFO = INCLUDE_SOURCE;
				MTL_FAST_MATH = YES;
				ONLY_ACTIVE_ARCH = YES;
				SWIFT_ACTIVE_COMPILATION_CONDITIONS = "DEBUG $(inherited)";
				SWIFT_OPTIMIZATION_LEVEL = "-Onone";
			};
			name = Debug;
		};
		6F1EBB632BC8C47500EFFD63 /* Release */ = {
			isa = XCBuildConfiguration;
			buildSettings = {
				ALWAYS_SEARCH_USER_PATHS = NO;
				ASSETCATALOG_COMPILER_GENERATE_SWIFT_ASSET_SYMBOL_EXTENSIONS = YES;
				CLANG_ANALYZER_NONNULL = YES;
				CLANG_ANALYZER_NUMBER_OBJECT_CONVERSION = YES_AGGRESSIVE;
				CLANG_CXX_LANGUAGE_STANDARD = "gnu++20";
				CLANG_ENABLE_MODULES = YES;
				CLANG_ENABLE_OBJC_ARC = YES;
				CLANG_ENABLE_OBJC_WEAK = YES;
				CLANG_WARN_BLOCK_CAPTURE_AUTORELEASING = YES;
				CLANG_WARN_BOOL_CONVERSION = YES;
				CLANG_WARN_COMMA = YES;
				CLANG_WARN_CONSTANT_CONVERSION = YES;
				CLANG_WARN_DEPRECATED_OBJC_IMPLEMENTATIONS = YES;
				CLANG_WARN_DIRECT_OBJC_ISA_USAGE = YES_ERROR;
				CLANG_WARN_DOCUMENTATION_COMMENTS = YES;
				CLANG_WARN_EMPTY_BODY = YES;
				CLANG_WARN_ENUM_CONVERSION = YES;
				CLANG_WARN_INFINITE_RECURSION = YES;
				CLANG_WARN_INT_CONVERSION = YES;
				CLANG_WARN_NON_LITERAL_NULL_CONVERSION = YES;
				CLANG_WARN_OBJC_IMPLICIT_RETAIN_SELF = YES;
				CLANG_WARN_OBJC_LITERAL_CONVERSION = YES;
				CLANG_WARN_OBJC_ROOT_CLASS = YES_ERROR;
				CLANG_WARN_QUOTED_INCLUDE_IN_FRAMEWORK_HEADER = YES;
				CLANG_WARN_RANGE_LOOP_ANALYSIS = YES;
				CLANG_WARN_STRICT_PROTOTYPES = YES;
				CLANG_WARN_SUSPICIOUS_MOVE = YES;
				CLANG_WARN_UNGUARDED_AVAILABILITY = YES_AGGRESSIVE;
				CLANG_WARN_UNREACHABLE_CODE = YES;
				CLANG_WARN__DUPLICATE_METHOD_MATCH = YES;
				COPY_PHASE_STRIP = NO;
				DEBUG_INFORMATION_FORMAT = "dwarf-with-dsym";
				ENABLE_NS_ASSERTIONS = NO;
				ENABLE_STRICT_OBJC_MSGSEND = YES;
				ENABLE_USER_SCRIPT_SANDBOXING = YES;
				GCC_C_LANGUAGE_STANDARD = gnu17;
				GCC_NO_COMMON_BLOCKS = YES;
				GCC_WARN_64_TO_32_BIT_CONVERSION = YES;
				GCC_WARN_ABOUT_RETURN_TYPE = YES_ERROR;
				GCC_WARN_UNDECLARED_SELECTOR = YES;
				GCC_WARN_UNINITIALIZED_AUTOS = YES_AGGRESSIVE;
				GCC_WARN_UNUSED_FUNCTION = YES;
				GCC_WARN_UNUSED_VARIABLE = YES;
				LOCALIZATION_PREFERS_STRING_CATALOGS = YES;
				MTL_ENABLE_DEBUG_INFO = NO;
				MTL_FAST_MATH = YES;
				SWIFT_COMPILATION_MODE = wholemodule;
			};
			name = Release;
		};
		6F1EBB652BC8C47500EFFD63 /* Debug */ = {
			isa = XCBuildConfiguration;
			buildSettings = {
				ASSETCATALOG_COMPILER_APPICON_NAME = AppIcon;
				ASSETCATALOG_COMPILER_GLOBAL_ACCENT_COLOR_NAME = AccentColor;
				CODE_SIGN_ENTITLEMENTS = LogD/LogD.entitlements;
				CODE_SIGN_STYLE = Automatic;
				CURRENT_PROJECT_VERSION = 1;
				DEVELOPMENT_ASSET_PATHS = "\"LogD/Preview Content\"";
				DEVELOPMENT_TEAM = SYZM4D2Z3D;
				ENABLE_HARDENED_RUNTIME = NO;
				ENABLE_PREVIEWS = YES;
				GENERATE_INFOPLIST_FILE = YES;
				INFOPLIST_FILE = LogD/Info.plist;
				INFOPLIST_KEY_NSPhotoLibraryUsageDescription = "썸네일 미리보기를 표시하기 위해 사진첩 접근 권한이 필요합니다.";
				"INFOPLIST_KEY_UIApplicationSceneManifest_Generation[sdk=iphoneos*]" = YES;
				"INFOPLIST_KEY_UIApplicationSceneManifest_Generation[sdk=iphonesimulator*]" = YES;
				"INFOPLIST_KEY_UIApplicationSupportsIndirectInputEvents[sdk=iphoneos*]" = YES;
				"INFOPLIST_KEY_UIApplicationSupportsIndirectInputEvents[sdk=iphonesimulator*]" = YES;
				"INFOPLIST_KEY_UILaunchScreen_Generation[sdk=iphoneos*]" = YES;
				"INFOPLIST_KEY_UILaunchScreen_Generation[sdk=iphonesimulator*]" = YES;
				"INFOPLIST_KEY_UIStatusBarStyle[sdk=iphoneos*]" = UIStatusBarStyleDefault;
				"INFOPLIST_KEY_UIStatusBarStyle[sdk=iphonesimulator*]" = UIStatusBarStyleDefault;
				INFOPLIST_KEY_UISupportedInterfaceOrientations_iPad = "UIInterfaceOrientationPortrait UIInterfaceOrientationPortraitUpsideDown UIInterfaceOrientationLandscapeLeft UIInterfaceOrientationLandscapeRight";
				INFOPLIST_KEY_UISupportedInterfaceOrientations_iPhone = "UIInterfaceOrientationPortrait UIInterfaceOrientationLandscapeLeft UIInterfaceOrientationLandscapeRight";
				IPHONEOS_DEPLOYMENT_TARGET = 17.4;
				LD_RUNPATH_SEARCH_PATHS = "@executable_path/Frameworks";
				"LD_RUNPATH_SEARCH_PATHS[sdk=macosx*]" = "@executable_path/../Frameworks";
				MACOSX_DEPLOYMENT_TARGET = 14.4;
				MARKETING_VERSION = 1.0;
				PRODUCT_BUNDLE_IDENTIFIER = blog.mosu.LogD;
				PRODUCT_NAME = "$(TARGET_NAME)";
				SDKROOT = auto;
				SUPPORTED_PLATFORMS = "iphoneos iphonesimulator macosx";
				SWIFT_EMIT_LOC_STRINGS = YES;
				SWIFT_VERSION = 5.0;
				TARGETED_DEVICE_FAMILY = "1,2";
			};
			name = Debug;
		};
		6F1EBB662BC8C47500EFFD63 /* Release */ = {
			isa = XCBuildConfiguration;
			buildSettings = {
				ASSETCATALOG_COMPILER_APPICON_NAME = AppIcon;
				ASSETCATALOG_COMPILER_GLOBAL_ACCENT_COLOR_NAME = AccentColor;
				CODE_SIGN_ENTITLEMENTS = LogD/LogD.entitlements;
				CODE_SIGN_STYLE = Automatic;
				CURRENT_PROJECT_VERSION = 1;
				DEVELOPMENT_ASSET_PATHS = "\"LogD/Preview Content\"";
				DEVELOPMENT_TEAM = SYZM4D2Z3D;
				ENABLE_HARDENED_RUNTIME = NO;
				ENABLE_PREVIEWS = YES;
				GENERATE_INFOPLIST_FILE = YES;
				INFOPLIST_FILE = LogD/Info.plist;
				INFOPLIST_KEY_NSPhotoLibraryUsageDescription = "썸네일 미리보기를 표시하기 위해 사진첩 접근 권한이 필요합니다.";
				"INFOPLIST_KEY_UIApplicationSceneManifest_Generation[sdk=iphoneos*]" = YES;
				"INFOPLIST_KEY_UIApplicationSceneManifest_Generation[sdk=iphonesimulator*]" = YES;
				"INFOPLIST_KEY_UIApplicationSupportsIndirectInputEvents[sdk=iphoneos*]" = YES;
				"INFOPLIST_KEY_UIApplicationSupportsIndirectInputEvents[sdk=iphonesimulator*]" = YES;
				"INFOPLIST_KEY_UILaunchScreen_Generation[sdk=iphoneos*]" = YES;
				"INFOPLIST_KEY_UILaunchScreen_Generation[sdk=iphonesimulator*]" = YES;
				"INFOPLIST_KEY_UIStatusBarStyle[sdk=iphoneos*]" = UIStatusBarStyleDefault;
				"INFOPLIST_KEY_UIStatusBarStyle[sdk=iphonesimulator*]" = UIStatusBarStyleDefault;
				INFOPLIST_KEY_UISupportedInterfaceOrientations_iPad = "UIInterfaceOrientationPortrait UIInterfaceOrientationPortraitUpsideDown UIInterfaceOrientationLandscapeLeft UIInterfaceOrientationLandscapeRight";
				INFOPLIST_KEY_UISupportedInterfaceOrientations_iPhone = "UIInterfaceOrientationPortrait UIInterfaceOrientationLandscapeLeft UIInterfaceOrientationLandscapeRight";
				IPHONEOS_DEPLOYMENT_TARGET = 17.4;
				LD_RUNPATH_SEARCH_PATHS = "@executable_path/Frameworks";
				"LD_RUNPATH_SEARCH_PATHS[sdk=macosx*]" = "@executable_path/../Frameworks";
				MACOSX_DEPLOYMENT_TARGET = 14.4;
				MARKETING_VERSION = 1.0;
				PRODUCT_BUNDLE_IDENTIFIER = blog.mosu.LogD;
				PRODUCT_NAME = "$(TARGET_NAME)";
				SDKROOT = auto;
				SUPPORTED_PLATFORMS = "iphoneos iphonesimulator macosx";
				SWIFT_EMIT_LOC_STRINGS = YES;
				SWIFT_VERSION = 5.0;
				TARGETED_DEVICE_FAMILY = "1,2";
			};
			name = Release;
		};
/* End XCBuildConfiguration section */

/* Begin XCConfigurationList section */
		6F1EBB502BC8C47300EFFD63 /* Build configuration list for PBXProject "LogD" */ = {
			isa = XCConfigurationList;
			buildConfigurations = (
				6F1EBB622BC8C47500EFFD63 /* Debug */,
				6F1EBB632BC8C47500EFFD63 /* Release */,
			);
			defaultConfigurationIsVisible = 0;
			defaultConfigurationName = Release;
		};
		6F1EBB642BC8C47500EFFD63 /* Build configuration list for PBXNativeTarget "LogD" */ = {
			isa = XCConfigurationList;
			buildConfigurations = (
				6F1EBB652BC8C47500EFFD63 /* Debug */,
				6F1EBB662BC8C47500EFFD63 /* Release */,
			);
			defaultConfigurationIsVisible = 0;
			defaultConfigurationName = Release;
		};
/* End XCConfigurationList section */
	};
	rootObject = 6F1EBB4D2BC8C47300EFFD63 /* Project object */;
}
